// !$*UTF8*$!
{
	archiveVersion = 1;
	classes = {
	};
	objectVersion = 50;
	objects = {

/* Begin PBXBuildFile section */
		D72FD04526CEB83E00236937 /* AppDelegate.swift in Sources */ = {isa = PBXBuildFile; fileRef = D72FD04426CEB83E00236937 /* AppDelegate.swift */; };
		D72FD04726CEB83E00236937 /* SceneDelegate.swift in Sources */ = {isa = PBXBuildFile; fileRef = D72FD04626CEB83E00236937 /* SceneDelegate.swift */; };
		D72FD04926CEB83E00236937 /* ViewController.swift in Sources */ = {isa = PBXBuildFile; fileRef = D72FD04826CEB83E00236937 /* ViewController.swift */; };
		D72FD04C26CEB83E00236937 /* Main.storyboard in Resources */ = {isa = PBXBuildFile; fileRef = D72FD04A26CEB83E00236937 /* Main.storyboard */; };
		D72FD04E26CEB83F00236937 /* Assets.xcassets in Resources */ = {isa = PBXBuildFile; fileRef = D72FD04D26CEB83F00236937 /* Assets.xcassets */; };
		D72FD05126CEB83F00236937 /* LaunchScreen.storyboard in Resources */ = {isa = PBXBuildFile; fileRef = D72FD04F26CEB83F00236937 /* LaunchScreen.storyboard */; };
		D72FD08826CED9D200236937 /* A.mp3 in Resources */ = {isa = PBXBuildFile; fileRef = D72FD07B26CED9D200236937 /* A.mp3 */; };
		D72FD08926CED9D200236937 /* C1.mp3 in Resources */ = {isa = PBXBuildFile; fileRef = D72FD07C26CED9D200236937 /* C1.mp3 */; };
		D72FD08A26CED9D200236937 /* C.mp3 in Resources */ = {isa = PBXBuildFile; fileRef = D72FD07D26CED9D200236937 /* C.mp3 */; };
		D72FD08B26CED9D200236937 /* G.mp3 in Resources */ = {isa = PBXBuildFile; fileRef = D72FD07E26CED9D200236937 /* G.mp3 */; };
		D72FD08C26CED9D200236937 /* F.mp3 in Resources */ = {isa = PBXBuildFile; fileRef = D72FD07F26CED9D200236937 /* F.mp3 */; };
		D72FD08D26CED9D200236937 /* D.mp3 in Resources */ = {isa = PBXBuildFile; fileRef = D72FD08026CED9D200236937 /* D.mp3 */; };
		D72FD08E26CED9D200236937 /* E.mp3 in Resources */ = {isa = PBXBuildFile; fileRef = D72FD08126CED9D200236937 /* E.mp3 */; };
		D72FD08F26CED9D200236937 /* Fis.mp3 in Resources */ = {isa = PBXBuildFile; fileRef = D72FD08226CED9D200236937 /* Fis.mp3 */; };
		D72FD09026CED9D200236937 /* Dis.mp3 in Resources */ = {isa = PBXBuildFile; fileRef = D72FD08326CED9D200236937 /* Dis.mp3 */; };
		D72FD09126CED9D200236937 /* H.mp3 in Resources */ = {isa = PBXBuildFile; fileRef = D72FD08426CED9D200236937 /* H.mp3 */; };
		D72FD09226CED9D200236937 /* Gis.mp3 in Resources */ = {isa = PBXBuildFile; fileRef = D72FD08526CED9D200236937 /* Gis.mp3 */; };
		D72FD09326CED9D200236937 /* Cis.mp3 in Resources */ = {isa = PBXBuildFile; fileRef = D72FD08626CED9D200236937 /* Cis.mp3 */; };
		D72FD09426CED9D200236937 /* Ais.mp3 in Resources */ = {isa = PBXBuildFile; fileRef = D72FD08726CED9D200236937 /* Ais.mp3 */; };
/* End PBXBuildFile section */

/* Begin PBXFileReference section */
		D72FD04126CEB83E00236937 /* PianoApp.app */ = {isa = PBXFileReference; explicitFileType = wrapper.application; includeInIndex = 0; path = PianoApp.app; sourceTree = BUILT_PRODUCTS_DIR; };
		D72FD04426CEB83E00236937 /* AppDelegate.swift */ = {isa = PBXFileReference; lastKnownFileType = sourcecode.swift; path = AppDelegate.swift; sourceTree = "<group>"; };
		D72FD04626CEB83E00236937 /* SceneDelegate.swift */ = {isa = PBXFileReference; lastKnownFileType = sourcecode.swift; path = SceneDelegate.swift; sourceTree = "<group>"; };
		D72FD04826CEB83E00236937 /* ViewController.swift */ = {isa = PBXFileReference; lastKnownFileType = sourcecode.swift; path = ViewController.swift; sourceTree = "<group>"; };
		D72FD04B26CEB83E00236937 /* Base */ = {isa = PBXFileReference; lastKnownFileType = file.storyboard; name = Base; path = Base.lproj/Main.storyboard; sourceTree = "<group>"; };
		D72FD04D26CEB83F00236937 /* Assets.xcassets */ = {isa = PBXFileReference; lastKnownFileType = folder.assetcatalog; path = Assets.xcassets; sourceTree = "<group>"; };
		D72FD05026CEB83F00236937 /* Base */ = {isa = PBXFileReference; lastKnownFileType = file.storyboard; name = Base; path = Base.lproj/LaunchScreen.storyboard; sourceTree = "<group>"; };
		D72FD05226CEB83F00236937 /* Info.plist */ = {isa = PBXFileReference; lastKnownFileType = text.plist.xml; path = Info.plist; sourceTree = "<group>"; };
		D72FD07B26CED9D200236937 /* A.mp3 */ = {isa = PBXFileReference; lastKnownFileType = audio.mp3; path = A.mp3; sourceTree = "<group>"; };
		D72FD07C26CED9D200236937 /* C1.mp3 */ = {isa = PBXFileReference; lastKnownFileType = audio.mp3; path = C1.mp3; sourceTree = "<group>"; };
		D72FD07D26CED9D200236937 /* C.mp3 */ = {isa = PBXFileReference; lastKnownFileType = audio.mp3; path = C.mp3; sourceTree = "<group>"; };
		D72FD07E26CED9D200236937 /* G.mp3 */ = {isa = PBXFileReference; lastKnownFileType = audio.mp3; path = G.mp3; sourceTree = "<group>"; };
		D72FD07F26CED9D200236937 /* F.mp3 */ = {isa = PBXFileReference; lastKnownFileType = audio.mp3; path = F.mp3; sourceTree = "<group>"; };
		D72FD08026CED9D200236937 /* D.mp3 */ = {isa = PBXFileReference; lastKnownFileType = audio.mp3; path = D.mp3; sourceTree = "<group>"; };
		D72FD08126CED9D200236937 /* E.mp3 */ = {isa = PBXFileReference; lastKnownFileType = audio.mp3; path = E.mp3; sourceTree = "<group>"; };
		D72FD08226CED9D200236937 /* Fis.mp3 */ = {isa = PBXFileReference; lastKnownFileType = audio.mp3; path = Fis.mp3; sourceTree = "<group>"; };
		D72FD08326CED9D200236937 /* Dis.mp3 */ = {isa = PBXFileReference; lastKnownFileType = audio.mp3; path = Dis.mp3; sourceTree = "<group>"; };
		D72FD08426CED9D200236937 /* H.mp3 */ = {isa = PBXFileReference; lastKnownFileType = audio.mp3; path = H.mp3; sourceTree = "<group>"; };
		D72FD08526CED9D200236937 /* Gis.mp3 */ = {isa = PBXFileReference; lastKnownFileType = audio.mp3; path = Gis.mp3; sourceTree = "<group>"; };
		D72FD08626CED9D200236937 /* Cis.mp3 */ = {isa = PBXFileReference; lastKnownFileType = audio.mp3; path = Cis.mp3; sourceTree = "<group>"; };
		D72FD08726CED9D200236937 /* Ais.mp3 */ = {isa = PBXFileReference; lastKnownFileType = audio.mp3; path = Ais.mp3; sourceTree = "<group>"; };
/* End PBXFileReference section */

/* Begin PBXFrameworksBuildPhase section */
		D72FD03E26CEB83E00236937 /* Frameworks */ = {
			isa = PBXFrameworksBuildPhase;
			buildActionMask = 2147483647;
			files = (
			);
			runOnlyForDeploymentPostprocessing = 0;
		};
/* End PBXFrameworksBuildPhase section */

/* Begin PBXGroup section */
		D72FD03826CEB83E00236937 = {
			isa = PBXGroup;
			children = (
				D72FD04326CEB83E00236937 /* PianoApp */,
				D72FD04226CEB83E00236937 /* Products */,
			);
			sourceTree = "<group>";
		};
		D72FD04226CEB83E00236937 /* Products */ = {
			isa = PBXGroup;
			children = (
				D72FD04126CEB83E00236937 /* PianoApp.app */,
			);
			name = Products;
			sourceTree = "<group>";
		};
		D72FD04326CEB83E00236937 /* PianoApp */ = {
			isa = PBXGroup;
			children = (
				D72FD04426CEB83E00236937 /* AppDelegate.swift */,
				D72FD04626CEB83E00236937 /* SceneDelegate.swift */,
				D72FD04826CEB83E00236937 /* ViewController.swift */,
				D72FD04A26CEB83E00236937 /* Main.storyboard */,
				D72FD04D26CEB83F00236937 /* Assets.xcassets */,
				D72FD04F26CEB83F00236937 /* LaunchScreen.storyboard */,
				D72FD05226CEB83F00236937 /* Info.plist */,
				D72FD07A26CED9D200236937 /* 24-piano-keys */,
			);
			path = PianoApp;
			sourceTree = "<group>";
		};
		D72FD07A26CED9D200236937 /* 24-piano-keys */ = {
			isa = PBXGroup;
			children = (
				D72FD07B26CED9D200236937 /* A.mp3 */,
				D72FD07C26CED9D200236937 /* C1.mp3 */,
				D72FD07D26CED9D200236937 /* C.mp3 */,
				D72FD07E26CED9D200236937 /* G.mp3 */,
				D72FD07F26CED9D200236937 /* F.mp3 */,
				D72FD08026CED9D200236937 /* D.mp3 */,
				D72FD08126CED9D200236937 /* E.mp3 */,
				D72FD08226CED9D200236937 /* Fis.mp3 */,
				D72FD08326CED9D200236937 /* Dis.mp3 */,
				D72FD08426CED9D200236937 /* H.mp3 */,
				D72FD08526CED9D200236937 /* Gis.mp3 */,
				D72FD08626CED9D200236937 /* Cis.mp3 */,
				D72FD08726CED9D200236937 /* Ais.mp3 */,
			);
			path = "24-piano-keys";
			sourceTree = "<group>";
		};
/* End PBXGroup section */

/* Begin PBXNativeTarget section */
		D72FD04026CEB83E00236937 /* PianoApp */ = {
			isa = PBXNativeTarget;
			buildConfigurationList = D72FD05526CEB83F00236937 /* Build configuration list for PBXNativeTarget "PianoApp" */;
			buildPhases = (
				D72FD03D26CEB83E00236937 /* Sources */,
				D72FD03E26CEB83E00236937 /* Frameworks */,
				D72FD03F26CEB83E00236937 /* Resources */,
			);
			buildRules = (
			);
			dependencies = (
			);
			name = PianoApp;
			productName = PianoApp;
			productReference = D72FD04126CEB83E00236937 /* PianoApp.app */;
			productType = "com.apple.product-type.application";
		};
/* End PBXNativeTarget section */

/* Begin PBXProject section */
		D72FD03926CEB83E00236937 /* Project object */ = {
			isa = PBXProject;
			attributes = {
				LastSwiftUpdateCheck = 1250;
				LastUpgradeCheck = 1250;
				TargetAttributes = {
					D72FD04026CEB83E00236937 = {
						CreatedOnToolsVersion = 12.5.1;
					};
				};
			};
			buildConfigurationList = D72FD03C26CEB83E00236937 /* Build configuration list for PBXProject "PianoApp" */;
			compatibilityVersion = "Xcode 9.3";
			developmentRegion = en;
			hasScannedForEncodings = 0;
			knownRegions = (
				en,
				Base,
			);
			mainGroup = D72FD03826CEB83E00236937;
			productRefGroup = D72FD04226CEB83E00236937 /* Products */;
			projectDirPath = "";
			projectRoot = "";
			targets = (
				D72FD04026CEB83E00236937 /* PianoApp */,
			);
		};
/* End PBXProject section */

/* Begin PBXResourcesBuildPhase section */
		D72FD03F26CEB83E00236937 /* Resources */ = {
			isa = PBXResourcesBuildPhase;
			buildActionMask = 2147483647;
			files = (
				D72FD09226CED9D200236937 /* Gis.mp3 in Resources */,
				D72FD08A26CED9D200236937 /* C.mp3 in Resources */,
				D72FD09426CED9D200236937 /* Ais.mp3 in Resources */,
				D72FD08C26CED9D200236937 /* F.mp3 in Resources */,
				D72FD09326CED9D200236937 /* Cis.mp3 in Resources */,
				D72FD08926CED9D200236937 /* C1.mp3 in Resources */,
				D72FD08826CED9D200236937 /* A.mp3 in Resources */,
				D72FD08E26CED9D200236937 /* E.mp3 in Resources */,
				D72FD08F26CED9D200236937 /* Fis.mp3 in Resources */,
				D72FD05126CEB83F00236937 /* LaunchScreen.storyboard in Resources */,
				D72FD04E26CEB83F00236937 /* Assets.xcassets in Resources */,
				D72FD08D26CED9D200236937 /* D.mp3 in Resources */,
				D72FD09026CED9D200236937 /* Dis.mp3 in Resources */,
				D72FD09126CED9D200236937 /* H.mp3 in Resources */,
				D72FD08B26CED9D200236937 /* G.mp3 in Resources */,
				D72FD04C26CEB83E00236937 /* Main.storyboard in Resources */,
			);
			runOnlyForDeploymentPostprocessing = 0;
		};
/* End PBXResourcesBuildPhase section */

/* Begin PBXSourcesBuildPhase section */
		D72FD03D26CEB83E00236937 /* Sources */ = {
			isa = PBXSourcesBuildPhase;
			buildActionMask = 2147483647;
			files = (
				D72FD04926CEB83E00236937 /* ViewController.swift in Sources */,
				D72FD04526CEB83E00236937 /* AppDelegate.swift in Sources */,
				D72FD04726CEB83E00236937 /* SceneDelegate.swift in Sources */,
			);
			runOnlyForDeploymentPostprocessing = 0;
		};
/* End PBXSourcesBuildPhase section */

/* Begin PBXVariantGroup section */
		D72FD04A26CEB83E00236937 /* Main.storyboard */ = {
			isa = PBXVariantGroup;
			children = (
				D72FD04B26CEB83E00236937 /* Base */,
			);
			name = Main.storyboard;
			sourceTree = "<group>";
		};
		D72FD04F26CEB83F00236937 /* LaunchScreen.storyboard */ = {
			isa = PBXVariantGroup;
			children = (
				D72FD05026CEB83F00236937 /* Base */,
			);
			name = LaunchScreen.storyboard;
			sourceTree = "<group>";
		};
/* End PBXVariantGroup section */

/* Begin XCBuildConfiguration section */
		D72FD05326CEB83F00236937 /* Debug */ = {
			isa = XCBuildConfiguration;
			buildSettings = {
				ALWAYS_SEARCH_USER_PATHS = NO;
				CLANG_ANALYZER_NONNULL = YES;
				CLANG_ANALYZER_NUMBER_OBJECT_CONVERSION = YES_AGGRESSIVE;
				CLANG_CXX_LANGUAGE_STANDARD = "gnu++14";
				CLANG_CXX_LIBRARY = "libc++";
				CLANG_ENABLE_MODULES = YES;
				CLANG_ENABLE_OBJC_ARC = YES;
				CLANG_ENABLE_OBJC_WEAK = YES;
				CLANG_WARN_BLOCK_CAPTURE_AUTORELEASING = YES;
				CLANG_WARN_BOOL_CONVERSION = YES;
				CLANG_WARN_COMMA = YES;
				CLANG_WARN_CONSTANT_CONVERSION = YES;
				CLANG_WARN_DEPRECATED_OBJC_IMPLEMENTATIONS = YES;
				CLANG_WARN_DIRECT_OBJC_ISA_USAGE = YES_ERROR;
				CLANG_WARN_DOCUMENTATION_COMMENTS = YES;
				CLANG_WARN_EMPTY_BODY = YES;
				CLANG_WARN_ENUM_CONVERSION = YES;
				CLANG_WARN_INFINITE_RECURSION = YES;
				CLANG_WARN_INT_CONVERSION = YES;
				CLANG_WARN_NON_LITERAL_NULL_CONVERSION = YES;
				CLANG_WARN_OBJC_IMPLICIT_RETAIN_SELF = YES;
				CLANG_WARN_OBJC_LITERAL_CONVERSION = YES;
				CLANG_WARN_OBJC_ROOT_CLASS = YES_ERROR;
				CLANG_WARN_QUOTED_INCLUDE_IN_FRAMEWORK_HEADER = YES;
				CLANG_WARN_RANGE_LOOP_ANALYSIS = YES;
				CLANG_WARN_STRICT_PROTOTYPES = YES;
				CLANG_WARN_SUSPICIOUS_MOVE = YES;
				CLANG_WARN_UNGUARDED_AVAILABILITY = YES_AGGRESSIVE;
				CLANG_WARN_UNREACHABLE_CODE = YES;
				CLANG_WARN__DUPLICATE_METHOD_MATCH = YES;
				COPY_PHASE_STRIP = NO;
				DEBUG_INFORMATION_FORMAT = dwarf;
				ENABLE_STRICT_OBJC_MSGSEND = YES;
				ENABLE_TESTABILITY = YES;
				GCC_C_LANGUAGE_STANDARD = gnu11;
				GCC_DYNAMIC_NO_PIC = NO;
				GCC_NO_COMMON_BLOCKS = YES;
				GCC_OPTIMIZATION_LEVEL = 0;
				GCC_PREPROCESSOR_DEFINITIONS = (
					"DEBUG=1",
					"$(inherited)",
				);
				GCC_WARN_64_TO_32_BIT_CONVERSION = YES;
				GCC_WARN_ABOUT_RETURN_TYPE = YES_ERROR;
				GCC_WARN_UNDECLARED_SELECTOR = YES;
				GCC_WARN_UNINITIALIZED_AUTOS = YES_AGGRESSIVE;
				GCC_WARN_UNUSED_FUNCTION = YES;
				GCC_WARN_UNUSED_VARIABLE = YES;
				IPHONEOS_DEPLOYMENT_TARGET = 14.5;
				MTL_ENABLE_DEBUG_INFO = INCLUDE_SOURCE;
				MTL_FAST_MATH = YES;
				ONLY_ACTIVE_ARCH = YES;
				SDKROOT = iphoneos;
				SWIFT_ACTIVE_COMPILATION_CONDITIONS = DEBUG;
				SWIFT_OPTIMIZATION_LEVEL = "-Onone";
			};
			name = Debug;
		};
		D72FD05426CEB83F00236937 /* Release */ = {
			isa = XCBuildConfiguration;
			buildSettings = {
				ALWAYS_SEARCH_USER_PATHS = NO;
				CLANG_ANALYZER_NONNULL = YES;
				CLANG_ANALYZER_NUMBER_OBJECT_CONVERSION = YES_AGGRESSIVE;
				CLANG_CXX_LANGUAGE_STANDARD = "gnu++14";
				CLANG_CXX_LIBRARY = "libc++";
				CLANG_ENABLE_MODULES = YES;
				CLANG_ENABLE_OBJC_ARC = YES;
				CLANG_ENABLE_OBJC_WEAK = YES;
				CLANG_WARN_BLOCK_CAPTURE_AUTORELEASING = YES;
				CLANG_WARN_BOOL_CONVERSION = YES;
				CLANG_WARN_COMMA = YES;
				CLANG_WARN_CONSTANT_CONVERSION = YES;
				CLANG_WARN_DEPRECATED_OBJC_IMPLEMENTATIONS = YES;
				CLANG_WARN_DIRECT_OBJC_ISA_USAGE = YES_ERROR;
				CLANG_WARN_DOCUMENTATION_COMMENTS = YES;
				CLANG_WARN_EMPTY_BODY = YES;
				CLANG_WARN_ENUM_CONVERSION = YES;
				CLANG_WARN_INFINITE_RECURSION = YES;
				CLANG_WARN_INT_CONVERSION = YES;
				CLANG_WARN_NON_LITERAL_NULL_CONVERSION = YES;
				CLANG_WARN_OBJC_IMPLICIT_RETAIN_SELF = YES;
				CLANG_WARN_OBJC_LITERAL_CONVERSION = YES;
				CLANG_WARN_OBJC_ROOT_CLASS = YES_ERROR;
				CLANG_WARN_QUOTED_INCLUDE_IN_FRAMEWORK_HEADER = YES;
				CLANG_WARN_RANGE_LOOP_ANALYSIS = YES;
				CLANG_WARN_STRICT_PROTOTYPES = YES;
				CLANG_WARN_SUSPICIOUS_MOVE = YES;
				CLANG_WARN_UNGUARDED_AVAILABILITY = YES_AGGRESSIVE;
				CLANG_WARN_UNREACHABLE_CODE = YES;
				CLANG_WARN__DUPLICATE_METHOD_MATCH = YES;
				COPY_PHASE_STRIP = NO;
				DEBUG_INFORMATION_FORMAT = "dwarf-with-dsym";
				ENABLE_NS_ASSERTIONS = NO;
				ENABLE_STRICT_OBJC_MSGSEND = YES;
				GCC_C_LANGUAGE_STANDARD = gnu11;
				GCC_NO_COMMON_BLOCKS = YES;
				GCC_WARN_64_TO_32_BIT_CONVERSION = YES;
				GCC_WARN_ABOUT_RETURN_TYPE = YES_ERROR;
				GCC_WARN_UNDECLARED_SELECTOR = YES;
				GCC_WARN_UNINITIALIZED_AUTOS = YES_AGGRESSIVE;
				GCC_WARN_UNUSED_FUNCTION = YES;
				GCC_WARN_UNUSED_VARIABLE = YES;
				IPHONEOS_DEPLOYMENT_TARGET = 14.5;
				MTL_ENABLE_DEBUG_INFO = NO;
				MTL_FAST_MATH = YES;
				SDKROOT = iphoneos;
				SWIFT_COMPILATION_MODE = wholemodule;
				SWIFT_OPTIMIZATION_LEVEL = "-O";
				VALIDATE_PRODUCT = YES;
			};
			name = Release;
		};
		D72FD05626CEB83F00236937 /* Debug */ = {
			isa = XCBuildConfiguration;
			buildSettings = {
				ASSETCATALOG_COMPILER_APPICON_NAME = AppIcon;
				ASSETCATALOG_COMPILER_GLOBAL_ACCENT_COLOR_NAME = AccentColor;
				CODE_SIGN_STYLE = Automatic;
				DEVELOPMENT_TEAM = BVQ5V67FS4;
				INFOPLIST_FILE = PianoApp/Info.plist;
				LD_RUNPATH_SEARCH_PATHS = (
					"$(inherited)",
					"@executable_path/Frameworks",
				);
				PRODUCT_BUNDLE_IDENTIFIER = com.hayaki.PianoApp;
				PRODUCT_NAME = "$(TARGET_NAME)";
				SWIFT_VERSION = 5.0;
				TARGETED_DEVICE_FAMILY = 1;
			};
			name = Debug;
		};
		D72FD05726CEB83F00236937 /* Release */ = {
			isa = XCBuildConfiguration;
			buildSettings = {
				ASSETCATALOG_COMPILER_APPICON_NAME = AppIcon;
				ASSETCATALOG_COMPILER_GLOBAL_ACCENT_COLOR_NAME = AccentColor;
				CODE_SIGN_STYLE = Automatic;
				DEVELOPMENT_TEAM = BVQ5V67FS4;
				INFOPLIST_FILE = PianoApp/Info.plist;
				LD_RUNPATH_SEARCH_PATHS = (
					"$(inherited)",
					"@executable_path/Frameworks",
				);
				PRODUCT_BUNDLE_IDENTIFIER = com.hayaki.PianoApp;
				PRODUCT_NAME = "$(TARGET_NAME)";
				SWIFT_VERSION = 5.0;
				TARGETED_DEVICE_FAMILY = 1;
			};
			name = Release;
		};
/* End XCBuildConfiguration section */

/* Begin XCConfigurationList section */
		D72FD03C26CEB83E00236937 /* Build configuration list for PBXProject "PianoApp" */ = {
			isa = XCConfigurationList;
			buildConfigurations = (
				D72FD05326CEB83F00236937 /* Debug */,
				D72FD05426CEB83F00236937 /* Release */,
			);
			defaultConfigurationIsVisible = 0;
			defaultConfigurationName = Release;
		};
		D72FD05526CEB83F00236937 /* Build configuration list for PBXNativeTarget "PianoApp" */ = {
			isa = XCConfigurationList;
			buildConfigurations = (
				D72FD05626CEB83F00236937 /* Debug */,
				D72FD05726CEB83F00236937 /* Release */,
			);
			defaultConfigurationIsVisible = 0;
			defaultConfigurationName = Release;
		};
/* End XCConfigurationList section */
	};
	rootObject = D72FD03926CEB83E00236937 /* Project object */;
}
